// !$*UTF8*$!
{
	archiveVersion = 1;
	classes = {
	};
	objectVersion = 77;
	objects = {

/* Begin PBXBuildFile section */
		00CB205F461B2BE44468F31F /* SwingMetrics.swift in Sources */ = {isa = PBXBuildFile; fileRef = BD8419E572E07A2010DC09B0 /* SwingMetrics.swift */; };
		38DA9A94E4DCEA03202CFF9B /* PoseFrame.swift in Sources */ = {isa = PBXBuildFile; fileRef = D78EF7010941BF7671DEFE0B /* PoseFrame.swift */; };
		3E4664AFE7CE2884561D4A47 /* MeadowScene.swift in Sources */ = {isa = PBXBuildFile; fileRef = D36486C493FC50C218AC9A14 /* MeadowScene.swift */; };
		52D23824A2E2C3E0B9C78C5E /* SwingStateMachine.swift in Sources */ = {isa = PBXBuildFile; fileRef = 60F447C72E9C246913F2534E /* SwingStateMachine.swift */; };
		62B69B3948E859225E85B1EB /* GolfArcadeApp.swift in Sources */ = {isa = PBXBuildFile; fileRef = 71FBF5FDC598B752AB03DEDB /* GolfArcadeApp.swift */; };
		88D60E4B12F0B0A55EABB1AD /* GolfArcadeTests.swift in Sources */ = {isa = PBXBuildFile; fileRef = 2C0AC5AC56F344BC3AC290A0 /* GolfArcadeTests.swift */; };
		92259CA63028678B96DA3713 /* ContentView.swift in Sources */ = {isa = PBXBuildFile; fileRef = 03497F0C3431B14DAD79FC85 /* ContentView.swift */; };
		97737F2DFA25E2044809A161 /* CameraPoseTracker.swift in Sources */ = {isa = PBXBuildFile; fileRef = 4F0E0ECA9C21D135B2F9CD69 /* CameraPoseTracker.swift */; };
		A715A1AEEC3C3CE0FC554BB6 /* RangeSimulation.swift in Sources */ = {isa = PBXBuildFile; fileRef = 6F717B916E611C200AC50B6C /* RangeSimulation.swift */; };
		B33C4993D87324C50F5D3111 /* Club.swift in Sources */ = {isa = PBXBuildFile; fileRef = 188E8707AD95370AAB8E34B6 /* Club.swift */; };
		B5A9A3E7E532398B46259E2F /* RangeRound.swift in Sources */ = {isa = PBXBuildFile; fileRef = ABD6799E97A3599163E734B7 /* RangeRound.swift */; };
		B7C153218FB2C8D50CD27323 /* RangeView.swift in Sources */ = {isa = PBXBuildFile; fileRef = B1835B1CB285BF21CF93D755 /* RangeView.swift */; };
		BDE5F8312CF8F0A48AA7E87E /* RangeAudio.swift in Sources */ = {isa = PBXBuildFile; fileRef = 6EC2D055514FED57CDD5BEAA /* RangeAudio.swift */; };
		C3D6FE8301761453D4371FF3 /* CameraPreview.swift in Sources */ = {isa = PBXBuildFile; fileRef = FD10F4FBA7F9FE2ED2260B43 /* CameraPreview.swift */; };
		C9CFCAF4190EBD7B0B36B11A /* SwingFeedbackController.swift in Sources */ = {isa = PBXBuildFile; fileRef = 4B6E32961EBFBD00D1C7AA8E /* SwingFeedbackController.swift */; };
		CC2D1E37D9CE9F523A2B624D /* PoseSkeletonView.swift in Sources */ = {isa = PBXBuildFile; fileRef = 0F80E6B1795239F9406E5D3D /* PoseSkeletonView.swift */; };
		CD656317CFA12699750E3DF5 /* RangeSimulationTests.swift in Sources */ = {isa = PBXBuildFile; fileRef = FD570395D898E589C70DD0F7 /* RangeSimulationTests.swift */; };
		D7F1B71A5A50A31C5B7B2154 /* SwingFeedbackOverlay.swift in Sources */ = {isa = PBXBuildFile; fileRef = 45E3F7A3FD6BB8646F9A4879 /* SwingFeedbackOverlay.swift */; };
		DD8682F04945B2BBA1CCF340 /* ArcadeView.swift in Sources */ = {isa = PBXBuildFile; fileRef = D55F28D1B7EEB093E07C923A /* ArcadeView.swift */; };
		E656BD4D1932B63ADD1613F8 /* RangeMockView.swift in Sources */ = {isa = PBXBuildFile; fileRef = BCD9C2B982D4B2E2B42EAA43 /* RangeMockView.swift */; };
		E9574C0E47213C16FAB0640F /* ArcadeGameSession.swift in Sources */ = {isa = PBXBuildFile; fileRef = B319404DFEEE5ABFF558FD23 /* ArcadeGameSession.swift */; };
		EF842D810DE1A53BC0830ABC /* FlightPath.swift in Sources */ = {isa = PBXBuildFile; fileRef = 5E90B0F05E735C3FCB7D843F /* FlightPath.swift */; };
		F4EFDDFE63BF83A6EF674CBA /* ShotResultCard.swift in Sources */ = {isa = PBXBuildFile; fileRef = 08572299F1239F439E5A477B /* ShotResultCard.swift */; };
		FB0E584EAD16B94F4986D580 /* ShotEngine.swift in Sources */ = {isa = PBXBuildFile; fileRef = 38539761E1BFA7845BA2C9CB /* ShotEngine.swift */; };
		FC172C914CB91DE00136D536 /* RangePlayTests.swift in Sources */ = {isa = PBXBuildFile; fileRef = A171AE30769CF263BBFEABE1 /* RangePlayTests.swift */; };
		45BA39B4FAC14206B58A1A49 /* MotionSwing.swift in Sources */ = {isa = PBXBuildFile; fileRef = F028E752712E4C26BB2F4292 /* MotionSwing.swift */; };
		7C7D75225641495D95175A7B /* MotionSwingDetectorTests.swift in Sources */ = {isa = PBXBuildFile; fileRef = B4CF786395664C9B94BE49AB /* MotionSwingDetectorTests.swift */; };
		372CC106B3044F329BDE59FA /* CameraSwing.swift in Sources */ = {isa = PBXBuildFile; fileRef = C27D194D055741029AFAD64D /* CameraSwing.swift */; };
		745CAE811EAD469EB05A70E1 /* CameraSwingTests.swift in Sources */ = {isa = PBXBuildFile; fileRef = 1000633422264A0FB39946F7 /* CameraSwingTests.swift */; };
		642C6BD2C5F24D7DB5D3D9B0 /* ArmSwing.swift in Sources */ = {isa = PBXBuildFile; fileRef = CA413E3172814476925EC50F /* ArmSwing.swift */; };
		B14E5EC0BC234B34A0D372E7 /* BallFlight.swift in Sources */ = {isa = PBXBuildFile; fileRef = C996B26E1C704295A6BCF831 /* BallFlight.swift */; };
		CA11B7A10000000000000001 /* CalibrationView.swift in Sources */ = {isa = PBXBuildFile; fileRef = CA11F7E10000000000000001 /* CalibrationView.swift */; };
		CA11B7A10000000000000002 /* PlayerCalibration.swift in Sources */ = {isa = PBXBuildFile; fileRef = CA11F7E10000000000000002 /* PlayerCalibration.swift */; };
/* End PBXBuildFile section */

/* Begin PBXContainerItemProxy section */
		B48D7CFDB1E8761FA391FA6A /* PBXContainerItemProxy */ = {
			isa = PBXContainerItemProxy;
			containerPortal = DD05F366422449A2D236A581 /* Project object */;
			proxyType = 1;
			remoteGlobalIDString = E8AD38781286594CD590B5BD;
			remoteInfo = GolfArcade;
		};
		EEB7BD7B1C57F6540144EAEE /* PBXContainerItemProxy */ = {
			isa = PBXContainerItemProxy;
			containerPortal = DD05F366422449A2D236A581 /* Project object */;
			proxyType = 1;
			remoteGlobalIDString = E8AD38781286594CD590B5BD;
			remoteInfo = GolfArcade;
		};
/* End PBXContainerItemProxy section */

/* Begin PBXFileReference section */
		03497F0C3431B14DAD79FC85 /* ContentView.swift */ = {isa = PBXFileReference; lastKnownFileType = sourcecode.swift; path = ContentView.swift; sourceTree = "<group>"; };
		08572299F1239F439E5A477B /* ShotResultCard.swift */ = {isa = PBXFileReference; lastKnownFileType = sourcecode.swift; path = ShotResultCard.swift; sourceTree = "<group>"; };
		0A580368EAB1EE7F71B7FE0B /* GolfArcadeTests.xctest */ = {isa = PBXFileReference; includeInIndex = 0; lastKnownFileType = wrapper.cfbundle; path = GolfArcadeTests.xctest; sourceTree = BUILT_PRODUCTS_DIR; };
		0F80E6B1795239F9406E5D3D /* PoseSkeletonView.swift */ = {isa = PBXFileReference; lastKnownFileType = sourcecode.swift; path = PoseSkeletonView.swift; sourceTree = "<group>"; };
		188E8707AD95370AAB8E34B6 /* Club.swift */ = {isa = PBXFileReference; lastKnownFileType = sourcecode.swift; path = Club.swift; sourceTree = "<group>"; };
		2C0AC5AC56F344BC3AC290A0 /* GolfArcadeTests.swift */ = {isa = PBXFileReference; lastKnownFileType = sourcecode.swift; path = GolfArcadeTests.swift; sourceTree = "<group>"; };
		38539761E1BFA7845BA2C9CB /* ShotEngine.swift */ = {isa = PBXFileReference; lastKnownFileType = sourcecode.swift; path = ShotEngine.swift; sourceTree = "<group>"; };
		45E3F7A3FD6BB8646F9A4879 /* SwingFeedbackOverlay.swift */ = {isa = PBXFileReference; lastKnownFileType = sourcecode.swift; path = SwingFeedbackOverlay.swift; sourceTree = "<group>"; };
		4B6E32961EBFBD00D1C7AA8E /* SwingFeedbackController.swift */ = {isa = PBXFileReference; lastKnownFileType = sourcecode.swift; path = SwingFeedbackController.swift; sourceTree = "<group>"; };
		4F0E0ECA9C21D135B2F9CD69 /* CameraPoseTracker.swift */ = {isa = PBXFileReference; lastKnownFileType = sourcecode.swift; path = CameraPoseTracker.swift; sourceTree = "<group>"; };
		5E90B0F05E735C3FCB7D843F /* FlightPath.swift */ = {isa = PBXFileReference; lastKnownFileType = sourcecode.swift; path = FlightPath.swift; sourceTree = "<group>"; };
		60F447C72E9C246913F2534E /* SwingStateMachine.swift */ = {isa = PBXFileReference; lastKnownFileType = sourcecode.swift; path = SwingStateMachine.swift; sourceTree = "<group>"; };
		6EC2D055514FED57CDD5BEAA /* RangeAudio.swift */ = {isa = PBXFileReference; lastKnownFileType = sourcecode.swift; path = RangeAudio.swift; sourceTree = "<group>"; };
		6F717B916E611C200AC50B6C /* RangeSimulation.swift */ = {isa = PBXFileReference; lastKnownFileType = sourcecode.swift; path = RangeSimulation.swift; sourceTree = "<group>"; };
		71FBF5FDC598B752AB03DEDB /* GolfArcadeApp.swift */ = {isa = PBXFileReference; lastKnownFileType = sourcecode.swift; path = GolfArcadeApp.swift; sourceTree = "<group>"; };
		92F02AE9F698900B513CCC9C /* GolfArcadeUITests.xctest */ = {isa = PBXFileReference; includeInIndex = 0; lastKnownFileType = wrapper.cfbundle; path = GolfArcadeUITests.xctest; sourceTree = BUILT_PRODUCTS_DIR; };
		A171AE30769CF263BBFEABE1 /* RangePlayTests.swift */ = {isa = PBXFileReference; lastKnownFileType = sourcecode.swift; path = RangePlayTests.swift; sourceTree = "<group>"; };
		ABD6799E97A3599163E734B7 /* RangeRound.swift */ = {isa = PBXFileReference; lastKnownFileType = sourcecode.swift; path = RangeRound.swift; sourceTree = "<group>"; };
		B1835B1CB285BF21CF93D755 /* RangeView.swift */ = {isa = PBXFileReference; lastKnownFileType = sourcecode.swift; path = RangeView.swift; sourceTree = "<group>"; };
		B319404DFEEE5ABFF558FD23 /* ArcadeGameSession.swift */ = {isa = PBXFileReference; lastKnownFileType = sourcecode.swift; path = ArcadeGameSession.swift; sourceTree = "<group>"; };
		BCD9C2B982D4B2E2B42EAA43 /* RangeMockView.swift */ = {isa = PBXFileReference; lastKnownFileType = sourcecode.swift; path = RangeMockView.swift; sourceTree = "<group>"; };
		BD8419E572E07A2010DC09B0 /* SwingMetrics.swift */ = {isa = PBXFileReference; lastKnownFileType = sourcecode.swift; path = SwingMetrics.swift; sourceTree = "<group>"; };
		D36486C493FC50C218AC9A14 /* MeadowScene.swift */ = {isa = PBXFileReference; lastKnownFileType = sourcecode.swift; path = MeadowScene.swift; sourceTree = "<group>"; };
		D55F28D1B7EEB093E07C923A /* ArcadeView.swift */ = {isa = PBXFileReference; lastKnownFileType = sourcecode.swift; path = ArcadeView.swift; sourceTree = "<group>"; };
		D78EF7010941BF7671DEFE0B /* PoseFrame.swift */ = {isa = PBXFileReference; lastKnownFileType = sourcecode.swift; path = PoseFrame.swift; sourceTree = "<group>"; };
		E555B2810530CEE299B31086 /* GolfArcade.app */ = {isa = PBXFileReference; includeInIndex = 0; lastKnownFileType = wrapper.application; path = GolfArcade.app; sourceTree = BUILT_PRODUCTS_DIR; };
		FD10F4FBA7F9FE2ED2260B43 /* CameraPreview.swift */ = {isa = PBXFileReference; lastKnownFileType = sourcecode.swift; path = CameraPreview.swift; sourceTree = "<group>"; };
		FD570395D898E589C70DD0F7 /* RangeSimulationTests.swift */ = {isa = PBXFileReference; lastKnownFileType = sourcecode.swift; path = RangeSimulationTests.swift; sourceTree = "<group>"; };
		F028E752712E4C26BB2F4292 /* MotionSwing.swift */ = {isa = PBXFileReference; lastKnownFileType = sourcecode.swift; path = MotionSwing.swift; sourceTree = "<group>"; };
		B4CF786395664C9B94BE49AB /* MotionSwingDetectorTests.swift */ = {isa = PBXFileReference; lastKnownFileType = sourcecode.swift; path = MotionSwingDetectorTests.swift; sourceTree = "<group>"; };
		C27D194D055741029AFAD64D /* CameraSwing.swift */ = {isa = PBXFileReference; lastKnownFileType = sourcecode.swift; path = CameraSwing.swift; sourceTree = "<group>"; };
		1000633422264A0FB39946F7 /* CameraSwingTests.swift */ = {isa = PBXFileReference; lastKnownFileType = sourcecode.swift; path = CameraSwingTests.swift; sourceTree = "<group>"; };
		CA413E3172814476925EC50F /* ArmSwing.swift */ = {isa = PBXFileReference; lastKnownFileType = sourcecode.swift; path = ArmSwing.swift; sourceTree = "<group>"; };
		C996B26E1C704295A6BCF831 /* BallFlight.swift */ = {isa = PBXFileReference; lastKnownFileType = sourcecode.swift; path = BallFlight.swift; sourceTree = "<group>"; };
		CA11F7E10000000000000001 /* CalibrationView.swift */ = {isa = PBXFileReference; lastKnownFileType = sourcecode.swift; path = CalibrationView.swift; sourceTree = "<group>"; };
		CA11F7E10000000000000002 /* PlayerCalibration.swift */ = {isa = PBXFileReference; lastKnownFileType = sourcecode.swift; path = PlayerCalibration.swift; sourceTree = "<group>"; };
/* End PBXFileReference section */

/* Begin PBXGroup section */
		0512E2F8B130319AEDC19E89 /* Game */ = {
			isa = PBXGroup;
			children = (
				B319404DFEEE5ABFF558FD23 /* ArcadeGameSession.swift */,
			);
			path = Game;
			sourceTree = "<group>";
		};
		3C216A08A8E77D9D1F5083A1 /* Products */ = {
			isa = PBXGroup;
			children = (
				E555B2810530CEE299B31086 /* GolfArcade.app */,
				0A580368EAB1EE7F71B7FE0B /* GolfArcadeTests.xctest */,
				92F02AE9F698900B513CCC9C /* GolfArcadeUITests.xctest */,
			);
			name = Products;
			sourceTree = "<group>";
		};
		5A7C28C68D15118EA76B2581 /* App */ = {
			isa = PBXGroup;
			children = (
				03497F0C3431B14DAD79FC85 /* ContentView.swift */,
				71FBF5FDC598B752AB03DEDB /* GolfArcadeApp.swift */,
			);
			path = App;
			sourceTree = "<group>";
		};
		61F030750DA108AF5F44E27C /* Feedback */ = {
			isa = PBXGroup;
			children = (
				4B6E32961EBFBD00D1C7AA8E /* SwingFeedbackController.swift */,
			);
			path = Feedback;
			sourceTree = "<group>";
		};
		6BA0FD2E4366DA2B207AA631 /* GolfArcade */ = {
			isa = PBXGroup;
			children = (
				5A7C28C68D15118EA76B2581 /* App */,
				9F82A96857A958FF9F0D67E1 /* Domain */,
				86B2780833D5C720EC9327A2 /* Features */,
				61F030750DA108AF5F44E27C /* Feedback */,
				0512E2F8B130319AEDC19E89 /* Game */,
				7A6195557FA8FC5FA772E56F /* Mock */,
				BFA66F381F7F17DEFD62832C /* Shot */,
				EEDFBB2EF6A041270AFB9F3C /* Swing */,
				D49424BEF925DC29647C19F8 /* Tracking */,
			);
			path = GolfArcade;
			sourceTree = "<group>";
		};
		7A6195557FA8FC5FA772E56F /* Mock */ = {
			isa = PBXGroup;
			children = (
				C27D194D055741029AFAD64D /* CameraSwing.swift */,
				CA413E3172814476925EC50F /* ArmSwing.swift */,
				C996B26E1C704295A6BCF831 /* BallFlight.swift */,
				D36486C493FC50C218AC9A14 /* MeadowScene.swift */,
				F028E752712E4C26BB2F4292 /* MotionSwing.swift */,
				6EC2D055514FED57CDD5BEAA /* RangeAudio.swift */,
				BCD9C2B982D4B2E2B42EAA43 /* RangeMockView.swift */,
				ABD6799E97A3599163E734B7 /* RangeRound.swift */,
				6F717B916E611C200AC50B6C /* RangeSimulation.swift */,
			);
			path = Mock;
			sourceTree = "<group>";
		};
		86B2780833D5C720EC9327A2 /* Features */ = {
			isa = PBXGroup;
			children = (
				FD5256EB6CE894D29006C950 /* Arcade */,
				CA11A7E10000000000000001 /* Calibration */,
			);
			path = Features;
			sourceTree = "<group>";
		};
		9F82A96857A958FF9F0D67E1 /* Domain */ = {
			isa = PBXGroup;
			children = (
				188E8707AD95370AAB8E34B6 /* Club.swift */,
				D78EF7010941BF7671DEFE0B /* PoseFrame.swift */,
				BD8419E572E07A2010DC09B0 /* SwingMetrics.swift */,
			);
			path = Domain;
			sourceTree = "<group>";
		};
		A667A7E785E1C069712D819B /* GolfArcadeUITests */ = {
			isa = PBXGroup;
			children = (
				A171AE30769CF263BBFEABE1 /* RangePlayTests.swift */,
			);
			path = GolfArcadeUITests;
			sourceTree = "<group>";
		};
		BFA66F381F7F17DEFD62832C /* Shot */ = {
			isa = PBXGroup;
			children = (
				5E90B0F05E735C3FCB7D843F /* FlightPath.swift */,
				38539761E1BFA7845BA2C9CB /* ShotEngine.swift */,
			);
			path = Shot;
			sourceTree = "<group>";
		};
		CEF02172684C710B970E4157 = {
			isa = PBXGroup;
			children = (
				6BA0FD2E4366DA2B207AA631 /* GolfArcade */,
				E0DDE9A54BDA1821FA9AB12A /* GolfArcadeTests */,
				A667A7E785E1C069712D819B /* GolfArcadeUITests */,
				3C216A08A8E77D9D1F5083A1 /* Products */,
			);
			sourceTree = "<group>";
		};
		D49424BEF925DC29647C19F8 /* Tracking */ = {
			isa = PBXGroup;
			children = (
				4F0E0ECA9C21D135B2F9CD69 /* CameraPoseTracker.swift */,
				FD10F4FBA7F9FE2ED2260B43 /* CameraPreview.swift */,
				CA11F7E10000000000000002 /* PlayerCalibration.swift */,
				0F80E6B1795239F9406E5D3D /* PoseSkeletonView.swift */,
			);
			path = Tracking;
			sourceTree = "<group>";
		};
		E0DDE9A54BDA1821FA9AB12A /* GolfArcadeTests */ = {
			isa = PBXGroup;
			children = (
				1000633422264A0FB39946F7 /* CameraSwingTests.swift */,
				2C0AC5AC56F344BC3AC290A0 /* GolfArcadeTests.swift */,
				B4CF786395664C9B94BE49AB /* MotionSwingDetectorTests.swift */,
				FD570395D898E589C70DD0F7 /* RangeSimulationTests.swift */,
			);
			path = GolfArcadeTests;
			sourceTree = "<group>";
		};
		EEDFBB2EF6A041270AFB9F3C /* Swing */ = {
			isa = PBXGroup;
			children = (
				60F447C72E9C246913F2534E /* SwingStateMachine.swift */,
			);
			path = Swing;
			sourceTree = "<group>";
		};
		FD5256EB6CE894D29006C950 /* Arcade */ = {
			isa = PBXGroup;
			children = (
				D55F28D1B7EEB093E07C923A /* ArcadeView.swift */,
				B1835B1CB285BF21CF93D755 /* RangeView.swift */,
				08572299F1239F439E5A477B /* ShotResultCard.swift */,
				45E3F7A3FD6BB8646F9A4879 /* SwingFeedbackOverlay.swift */,
			);
			path = Arcade;
			sourceTree = "<group>";
		};
		CA11A7E10000000000000001 /* Calibration */ = {
			isa = PBXGroup;
			children = (
				CA11F7E10000000000000001 /* CalibrationView.swift */,
			);
			path = Calibration;
			sourceTree = "<group>";
		};
/* End PBXGroup section */

/* Begin PBXNativeTarget section */
		48D1BC63D55B8B16CF7ED2D7 /* GolfArcadeUITests */ = {
			isa = PBXNativeTarget;
			buildConfigurationList = 0D556AE2CF7B24755E9C86D7 /* Build configuration list for PBXNativeTarget "GolfArcadeUITests" */;
			buildPhases = (
				4E8324C5BCDB9D333EB9FB7F /* Sources */,
			);
			buildRules = (
			);
			dependencies = (
				78F1F25D78086F20A3D3607A /* PBXTargetDependency */,
			);
			name = GolfArcadeUITests;
			packageProductDependencies = (
			);
			productName = GolfArcadeUITests;
			productReference = 92F02AE9F698900B513CCC9C /* GolfArcadeUITests.xctest */;
			productType = "com.apple.product-type.bundle.ui-testing";
		};
		59E74B228899E5DA2CF7F366 /* GolfArcadeTests */ = {
			isa = PBXNativeTarget;
			buildConfigurationList = 264DDF658F913D9534A54AEA /* Build configuration list for PBXNativeTarget "GolfArcadeTests" */;
			buildPhases = (
				F0067E46C43E6CA623DC807B /* Sources */,
			);
			buildRules = (
			);
			dependencies = (
				05231780EEE07C8B1BCFDDF1 /* PBXTargetDependency */,
			);
			name = GolfArcadeTests;
			packageProductDependencies = (
			);
			productName = GolfArcadeTests;
			productReference = 0A580368EAB1EE7F71B7FE0B /* GolfArcadeTests.xctest */;
			productType = "com.apple.product-type.bundle.unit-test";
		};
		E8AD38781286594CD590B5BD /* GolfArcade */ = {
			isa = PBXNativeTarget;
			buildConfigurationList = 97ADF6C322FA27DB96AEE74D /* Build configuration list for PBXNativeTarget "GolfArcade" */;
			buildPhases = (
				36C4563C6333C9D7855CEDD2 /* Sources */,
			);
			buildRules = (
			);
			dependencies = (
			);
			name = GolfArcade;
			packageProductDependencies = (
			);
			productName = GolfArcade;
			productReference = E555B2810530CEE299B31086 /* GolfArcade.app */;
			productType = "com.apple.product-type.application";
		};
/* End PBXNativeTarget section */

/* Begin PBXProject section */
		DD05F366422449A2D236A581 /* Project object */ = {
			isa = PBXProject;
			attributes = {
				BuildIndependentTargetsInParallel = YES;
				LastUpgradeCheck = 1430;
				TargetAttributes = {
					48D1BC63D55B8B16CF7ED2D7 = {
						TestTargetID = E8AD38781286594CD590B5BD;
					};
				};
			};
			buildConfigurationList = 45AB55D4040117B8A708901C /* Build configuration list for PBXProject "GolfArcade" */;
			developmentRegion = en;
			hasScannedForEncodings = 0;
			knownRegions = (
				Base,
				en,
			);
			mainGroup = CEF02172684C710B970E4157;
			minimizedProjectReferenceProxies = 1;
			preferredProjectObjectVersion = 77;
			productRefGroup = 3C216A08A8E77D9D1F5083A1 /* Products */;
			projectDirPath = "";
			projectRoot = "";
			targets = (
				E8AD38781286594CD590B5BD /* GolfArcade */,
				59E74B228899E5DA2CF7F366 /* GolfArcadeTests */,
				48D1BC63D55B8B16CF7ED2D7 /* GolfArcadeUITests */,
			);
		};
/* End PBXProject section */

/* Begin PBXSourcesBuildPhase section */
		36C4563C6333C9D7855CEDD2 /* Sources */ = {
			isa = PBXSourcesBuildPhase;
			buildActionMask = 2147483647;
			files = (
				E9574C0E47213C16FAB0640F /* ArcadeGameSession.swift in Sources */,
				DD8682F04945B2BBA1CCF340 /* ArcadeView.swift in Sources */,
				CA11B7A10000000000000001 /* CalibrationView.swift in Sources */,
				97737F2DFA25E2044809A161 /* CameraPoseTracker.swift in Sources */,
				C3D6FE8301761453D4371FF3 /* CameraPreview.swift in Sources */,
				B33C4993D87324C50F5D3111 /* Club.swift in Sources */,
				92259CA63028678B96DA3713 /* ContentView.swift in Sources */,
				EF842D810DE1A53BC0830ABC /* FlightPath.swift in Sources */,
				62B69B3948E859225E85B1EB /* GolfArcadeApp.swift in Sources */,
				372CC106B3044F329BDE59FA /* CameraSwing.swift in Sources */,
				642C6BD2C5F24D7DB5D3D9B0 /* ArmSwing.swift in Sources */,
				B14E5EC0BC234B34A0D372E7 /* BallFlight.swift in Sources */,
				3E4664AFE7CE2884561D4A47 /* MeadowScene.swift in Sources */,
				45BA39B4FAC14206B58A1A49 /* MotionSwing.swift in Sources */,
				38DA9A94E4DCEA03202CFF9B /* PoseFrame.swift in Sources */,
				CA11B7A10000000000000002 /* PlayerCalibration.swift in Sources */,
				CC2D1E37D9CE9F523A2B624D /* PoseSkeletonView.swift in Sources */,
				BDE5F8312CF8F0A48AA7E87E /* RangeAudio.swift in Sources */,
				E656BD4D1932B63ADD1613F8 /* RangeMockView.swift in Sources */,
				B5A9A3E7E532398B46259E2F /* RangeRound.swift in Sources */,
				A715A1AEEC3C3CE0FC554BB6 /* RangeSimulation.swift in Sources */,
				B7C153218FB2C8D50CD27323 /* RangeView.swift in Sources */,
				FB0E584EAD16B94F4986D580 /* ShotEngine.swift in Sources */,
				F4EFDDFE63BF83A6EF674CBA /* ShotResultCard.swift in Sources */,
				C9CFCAF4190EBD7B0B36B11A /* SwingFeedbackController.swift in Sources */,
				D7F1B71A5A50A31C5B7B2154 /* SwingFeedbackOverlay.swift in Sources */,
				00CB205F461B2BE44468F31F /* SwingMetrics.swift in Sources */,
				52D23824A2E2C3E0B9C78C5E /* SwingStateMachine.swift in Sources */,
			);
			runOnlyForDeploymentPostprocessing = 0;
		};
		4E8324C5BCDB9D333EB9FB7F /* Sources */ = {
			isa = PBXSourcesBuildPhase;
			buildActionMask = 2147483647;
			files = (
				FC172C914CB91DE00136D536 /* RangePlayTests.swift in Sources */,
			);
			runOnlyForDeploymentPostprocessing = 0;
		};
		F0067E46C43E6CA623DC807B /* Sources */ = {
			isa = PBXSourcesBuildPhase;
			buildActionMask = 2147483647;
			files = (
				745CAE811EAD469EB05A70E1 /* CameraSwingTests.swift in Sources */,
				88D60E4B12F0B0A55EABB1AD /* GolfArcadeTests.swift in Sources */,
				7C7D75225641495D95175A7B /* MotionSwingDetectorTests.swift in Sources */,
				CD656317CFA12699750E3DF5 /* RangeSimulationTests.swift in Sources */,
			);
			runOnlyForDeploymentPostprocessing = 0;
		};
/* End PBXSourcesBuildPhase section */

/* Begin PBXTargetDependency section */
		05231780EEE07C8B1BCFDDF1 /* PBXTargetDependency */ = {
			isa = PBXTargetDependency;
			target = E8AD38781286594CD590B5BD /* GolfArcade */;
			targetProxy = B48D7CFDB1E8761FA391FA6A /* PBXContainerItemProxy */;
		};
		78F1F25D78086F20A3D3607A /* PBXTargetDependency */ = {
			isa = PBXTargetDependency;
			target = E8AD38781286594CD590B5BD /* GolfArcade */;
			targetProxy = EEB7BD7B1C57F6540144EAEE /* PBXContainerItemProxy */;
		};
/* End PBXTargetDependency section */

/* Begin XCBuildConfiguration section */
		8482C72C4B024192B687A5CF /* Release */ = {
			isa = XCBuildConfiguration;
			buildSettings = {
				ASSETCATALOG_COMPILER_APPICON_NAME = AppIcon;
				CODE_SIGN_IDENTITY = "iPhone Developer";
				GENERATE_INFOPLIST_FILE = YES;
				INFOPLIST_KEY_NSCameraUsageDescription = "Your camera tracks your body movement to turn your swing into a golf shot.";
				INFOPLIST_KEY_UIApplicationSupportsIndirectInputEvents = YES;
				INFOPLIST_KEY_UILaunchScreen_Generation = YES;
				INFOPLIST_KEY_UISupportedInterfaceOrientations = "UIInterfaceOrientationPortrait UIInterfaceOrientationLandscapeLeft UIInterfaceOrientationLandscapeRight";
				LD_RUNPATH_SEARCH_PATHS = (
					"$(inherited)",
					"@executable_path/Frameworks",
				);
				PRODUCT_BUNDLE_IDENTIFIER = com.aloniewski.GolfArcade;
				SDKROOT = iphoneos;
				SUPPORTS_MACCATALYST = NO;
				TARGETED_DEVICE_FAMILY = 1;
			};
			name = Release;
		};
		8D15325E986081390F1E9B4D /* Debug */ = {
			isa = XCBuildConfiguration;
			buildSettings = {
				BUNDLE_LOADER = "$(TEST_HOST)";
				GENERATE_INFOPLIST_FILE = YES;
				LD_RUNPATH_SEARCH_PATHS = (
					"$(inherited)",
					"@executable_path/Frameworks",
					"@loader_path/Frameworks",
				);
				PRODUCT_BUNDLE_IDENTIFIER = com.aloniewski.GolfArcadeTests;
				SDKROOT = iphoneos;
				TARGETED_DEVICE_FAMILY = "1,2";
				TEST_HOST = "$(BUILT_PRODUCTS_DIR)/GolfArcade.app/GolfArcade";
			};
			name = Debug;
		};
		A045D68FA1FFF551359F710D /* Release */ = {
			isa = XCBuildConfiguration;
			buildSettings = {
				BUNDLE_LOADER = "$(TEST_HOST)";
				GENERATE_INFOPLIST_FILE = YES;
				LD_RUNPATH_SEARCH_PATHS = (
					"$(inherited)",
					"@executable_path/Frameworks",
					"@loader_path/Frameworks",
				);
				PRODUCT_BUNDLE_IDENTIFIER = com.aloniewski.GolfArcadeUITests;
				SDKROOT = iphoneos;
				TARGETED_DEVICE_FAMILY = "1,2";
				TEST_TARGET_NAME = GolfArcade;
			};
			name = Release;
		};
		ADB22444510A5CAE6DEBBCC1 /* Debug */ = {
			isa = XCBuildConfiguration;
			buildSettings = {
				BUNDLE_LOADER = "$(TEST_HOST)";
				GENERATE_INFOPLIST_FILE = YES;
				LD_RUNPATH_SEARCH_PATHS = (
					"$(inherited)",
					"@executable_path/Frameworks",
					"@loader_path/Frameworks",
				);
				PRODUCT_BUNDLE_IDENTIFIER = com.aloniewski.GolfArcadeUITests;
				SDKROOT = iphoneos;
				TARGETED_DEVICE_FAMILY = "1,2";
				TEST_TARGET_NAME = GolfArcade;
			};
			name = Debug;
		};
		B37D88748241EF2BD78CAEE1 /* Debug */ = {
			isa = XCBuildConfiguration;
			buildSettings = {
				ALWAYS_SEARCH_USER_PATHS = NO;
				CLANG_ANALYZER_NONNULL = YES;
				CLANG_ANALYZER_NUMBER_OBJECT_CONVERSION = YES_AGGRESSIVE;
				CLANG_CXX_LANGUAGE_STANDARD = "gnu++14";
				CLANG_CXX_LIBRARY = "libc++";
				CLANG_ENABLE_MODULES = YES;
				CLANG_ENABLE_OBJC_ARC = YES;
				CLANG_ENABLE_OBJC_WEAK = YES;
				CLANG_WARN_BLOCK_CAPTURE_AUTORELEASING = YES;
				CLANG_WARN_BOOL_CONVERSION = YES;
				CLANG_WARN_COMMA = YES;
				CLANG_WARN_CONSTANT_CONVERSION = YES;
				CLANG_WARN_DEPRECATED_OBJC_IMPLEMENTATIONS = YES;
				CLANG_WARN_DIRECT_OBJC_ISA_USAGE = YES_ERROR;
				CLANG_WARN_DOCUMENTATION_COMMENTS = YES;
				CLANG_WARN_EMPTY_BODY = YES;
				CODE_SIGN_STYLE = Automatic;
				DEVELOPMENT_TEAM = 9VP5B3Q5VQ;
				CLANG_WARN_ENUM_CONVERSION = YES;
				CLANG_WARN_INFINITE_RECURSION = YES;
				CLANG_WARN_INT_CONVERSION = YES;
				CLANG_WARN_NON_LITERAL_NULL_CONVERSION = YES;
				CLANG_WARN_OBJC_IMPLICIT_RETAIN_SELF = YES;
				CLANG_WARN_OBJC_LITERAL_CONVERSION = YES;
				CLANG_WARN_OBJC_ROOT_CLASS = YES_ERROR;
				CLANG_WARN_QUOTED_INCLUDE_IN_FRAMEWORK_HEADER = YES;
				CLANG_WARN_RANGE_LOOP_ANALYSIS = YES;
				CLANG_WARN_STRICT_PROTOTYPES = YES;
				CLANG_WARN_SUSPICIOUS_MOVE = YES;
				CLANG_WARN_UNGUARDED_AVAILABILITY = YES_AGGRESSIVE;
				CLANG_WARN_UNREACHABLE_CODE = YES;
				CLANG_WARN__DUPLICATE_METHOD_MATCH = YES;
				COPY_PHASE_STRIP = NO;
				CURRENT_PROJECT_VERSION = 1;
				DEBUG_INFORMATION_FORMAT = dwarf;
				ENABLE_STRICT_OBJC_MSGSEND = YES;
				ENABLE_TESTABILITY = YES;
				GCC_C_LANGUAGE_STANDARD = gnu11;
				GCC_DYNAMIC_NO_PIC = NO;
				GCC_NO_COMMON_BLOCKS = YES;
				GCC_OPTIMIZATION_LEVEL = 0;
				GCC_PREPROCESSOR_DEFINITIONS = (
					"$(inherited)",
					"DEBUG=1",
				);
				GCC_WARN_64_TO_32_BIT_CONVERSION = YES;
				GCC_WARN_ABOUT_RETURN_TYPE = YES_ERROR;
				GCC_WARN_UNDECLARED_SELECTOR = YES;
				GCC_WARN_UNINITIALIZED_AUTOS = YES_AGGRESSIVE;
				GCC_WARN_UNUSED_FUNCTION = YES;
				GCC_WARN_UNUSED_VARIABLE = YES;
				IPHONEOS_DEPLOYMENT_TARGET = 17.0;
				MARKETING_VERSION = 0.1.0;
				MTL_ENABLE_DEBUG_INFO = INCLUDE_SOURCE;
				MTL_FAST_MATH = YES;
				ONLY_ACTIVE_ARCH = YES;
				PRODUCT_NAME = "$(TARGET_NAME)";
				SDKROOT = iphoneos;
				SWIFT_ACTIVE_COMPILATION_CONDITIONS = DEBUG;
				SWIFT_OPTIMIZATION_LEVEL = "-Onone";
				SWIFT_VERSION = 6.0;
			};
			name = Debug;
		};
		C60C375B9EF0E4CC0DB70A2A /* Debug */ = {
			isa = XCBuildConfiguration;
			buildSettings = {
				ASSETCATALOG_COMPILER_APPICON_NAME = AppIcon;
				CODE_SIGN_IDENTITY = "iPhone Developer";
				GENERATE_INFOPLIST_FILE = YES;
				INFOPLIST_KEY_NSCameraUsageDescription = "Your camera tracks your body movement to turn your swing into a golf shot.";
				INFOPLIST_KEY_UIApplicationSupportsIndirectInputEvents = YES;
				INFOPLIST_KEY_UILaunchScreen_Generation = YES;
				INFOPLIST_KEY_UISupportedInterfaceOrientations = "UIInterfaceOrientationPortrait UIInterfaceOrientationLandscapeLeft UIInterfaceOrientationLandscapeRight";
				LD_RUNPATH_SEARCH_PATHS = (
					"$(inherited)",
					"@executable_path/Frameworks",
				);
				PRODUCT_BUNDLE_IDENTIFIER = com.aloniewski.GolfArcade;
				SDKROOT = iphoneos;
				SUPPORTS_MACCATALYST = NO;
				TARGETED_DEVICE_FAMILY = 1;
			};
			name = Debug;
		};
		DEDA5D276E0F77EFE3E2B7D9 /* Release */ = {
			isa = XCBuildConfiguration;
			buildSettings = {
				ALWAYS_SEARCH_USER_PATHS = NO;
				CLANG_ANALYZER_NONNULL = YES;
				CLANG_ANALYZER_NUMBER_OBJECT_CONVERSION = YES_AGGRESSIVE;
				CLANG_CXX_LANGUAGE_STANDARD = "gnu++14";
				CLANG_CXX_LIBRARY = "libc++";
				CLANG_ENABLE_MODULES = YES;
				CLANG_ENABLE_OBJC_ARC = YES;
				CLANG_ENABLE_OBJC_WEAK = YES;
				CLANG_WARN_BLOCK_CAPTURE_AUTORELEASING = YES;
				CLANG_WARN_BOOL_CONVERSION = YES;
				CLANG_WARN_COMMA = YES;
				CLANG_WARN_CONSTANT_CONVERSION = YES;
				CLANG_WARN_DEPRECATED_OBJC_IMPLEMENTATIONS = YES;
				CLANG_WARN_DIRECT_OBJC_ISA_USAGE = YES_ERROR;
				CLANG_WARN_DOCUMENTATION_COMMENTS = YES;
				CLANG_WARN_EMPTY_BODY = YES;
				CODE_SIGN_STYLE = Automatic;
				DEVELOPMENT_TEAM = 9VP5B3Q5VQ;
				CLANG_WARN_ENUM_CONVERSION = YES;
				CLANG_WARN_INFINITE_RECURSION = YES;
				CLANG_WARN_INT_CONVERSION = YES;
				CLANG_WARN_NON_LITERAL_NULL_CONVERSION = YES;
				CLANG_WARN_OBJC_IMPLICIT_RETAIN_SELF = YES;
				CLANG_WARN_OBJC_LITERAL_CONVERSION = YES;
				CLANG_WARN_OBJC_ROOT_CLASS = YES_ERROR;
				CLANG_WARN_QUOTED_INCLUDE_IN_FRAMEWORK_HEADER = YES;
				CLANG_WARN_RANGE_LOOP_ANALYSIS = YES;
				CLANG_WARN_STRICT_PROTOTYPES = YES;
				CLANG_WARN_SUSPICIOUS_MOVE = YES;
				CLANG_WARN_UNGUARDED_AVAILABILITY = YES_AGGRESSIVE;
				CLANG_WARN_UNREACHABLE_CODE = YES;
				CLANG_WARN__DUPLICATE_METHOD_MATCH = YES;
				COPY_PHASE_STRIP = NO;
				CURRENT_PROJECT_VERSION = 1;
				DEBUG_INFORMATION_FORMAT = "dwarf-with-dsym";
				ENABLE_NS_ASSERTIONS = NO;
				ENABLE_STRICT_OBJC_MSGSEND = YES;
				GCC_C_LANGUAGE_STANDARD = gnu11;
				GCC_NO_COMMON_BLOCKS = YES;
				GCC_WARN_64_TO_32_BIT_CONVERSION = YES;
				GCC_WARN_ABOUT_RETURN_TYPE = YES_ERROR;
				GCC_WARN_UNDECLARED_SELECTOR = YES;
				GCC_WARN_UNINITIALIZED_AUTOS = YES_AGGRESSIVE;
				GCC_WARN_UNUSED_FUNCTION = YES;
				GCC_WARN_UNUSED_VARIABLE = YES;
				IPHONEOS_DEPLOYMENT_TARGET = 17.0;
				MARKETING_VERSION = 0.1.0;
				MTL_ENABLE_DEBUG_INFO = NO;
				MTL_FAST_MATH = YES;
				PRODUCT_NAME = "$(TARGET_NAME)";
				SDKROOT = iphoneos;
				SWIFT_COMPILATION_MODE = wholemodule;
				SWIFT_OPTIMIZATION_LEVEL = "-O";
				SWIFT_VERSION = 6.0;
			};
			name = Release;
		};
		DF4759AE9C4F013DF4804A50 /* Release */ = {
			isa = XCBuildConfiguration;
			buildSettings = {
				BUNDLE_LOADER = "$(TEST_HOST)";
				GENERATE_INFOPLIST_FILE = YES;
				LD_RUNPATH_SEARCH_PATHS = (
					"$(inherited)",
					"@executable_path/Frameworks",
					"@loader_path/Frameworks",
				);
				PRODUCT_BUNDLE_IDENTIFIER = com.aloniewski.GolfArcadeTests;
				SDKROOT = iphoneos;
				TARGETED_DEVICE_FAMILY = "1,2";
				TEST_HOST = "$(BUILT_PRODUCTS_DIR)/GolfArcade.app/GolfArcade";
			};
			name = Release;
		};
/* End XCBuildConfiguration section */

/* Begin XCConfigurationList section */
		0D556AE2CF7B24755E9C86D7 /* Build configuration list for PBXNativeTarget "GolfArcadeUITests" */ = {
			isa = XCConfigurationList;
			buildConfigurations = (
				ADB22444510A5CAE6DEBBCC1 /* Debug */,
				A045D68FA1FFF551359F710D /* Release */,
			);
			defaultConfigurationIsVisible = 0;
			defaultConfigurationName = Debug;
		};
		264DDF658F913D9534A54AEA /* Build configuration list for PBXNativeTarget "GolfArcadeTests" */ = {
			isa = XCConfigurationList;
			buildConfigurations = (
				8D15325E986081390F1E9B4D /* Debug */,
				DF4759AE9C4F013DF4804A50 /* Release */,
			);
			defaultConfigurationIsVisible = 0;
			defaultConfigurationName = Debug;
		};
		45AB55D4040117B8A708901C /* Build configuration list for PBXProject "GolfArcade" */ = {
			isa = XCConfigurationList;
			buildConfigurations = (
				B37D88748241EF2BD78CAEE1 /* Debug */,
				DEDA5D276E0F77EFE3E2B7D9 /* Release */,
			);
			defaultConfigurationIsVisible = 0;
			defaultConfigurationName = Debug;
		};
		97ADF6C322FA27DB96AEE74D /* Build configuration list for PBXNativeTarget "GolfArcade" */ = {
			isa = XCConfigurationList;
			buildConfigurations = (
				C60C375B9EF0E4CC0DB70A2A /* Debug */,
				8482C72C4B024192B687A5CF /* Release */,
			);
			defaultConfigurationIsVisible = 0;
			defaultConfigurationName = Debug;
		};
/* End XCConfigurationList section */
	};
	rootObject = DD05F366422449A2D236A581 /* Project object */;
}
